
Microsoft Visual Studio Solution File, Format Version 12.00
# Visual Studio Version 17
VisualStudioVersion = 17.14.36109.1 d17.14
MinimumVisualStudioVersion = 10.0.40219.1
Project("{FAE04EC0-301F-11D3-BF4B-00C04F79EFBC}") = "Uttt.Micro.Libro", "Uttt.Micro.Libro.csproj", "{C4C99886-BF2C-4F21-B4FC-59461878DF72}"
EndProject
Global
	GlobalSection(SolutionConfigurationPlatforms) = preSolution
		Debug|Any CPU = Debug|Any CPU
		Release|Any CPU = Release|Any CPU
	EndGlobalSection
	GlobalSection(ProjectConfigurationPlatforms) = postSolution
		{C4C99886-BF2C-4F21-B4FC-59461878DF72}.Debug|Any CPU.ActiveCfg = Debug|Any CPU
		{C4C99886-BF2C-4F21-B4FC-59461878DF72}.Debug|Any CPU.Build.0 = Debug|Any CPU
		{C4C99886-BF2C-4F21-B4FC-59461878DF72}.Release|Any CPU.ActiveCfg = Release|Any CPU
		{C4C99886-BF2C-4F21-B4FC-59461878DF72}.Release|Any CPU.Build.0 = Release|Any CPU
	EndGlobalSection
	GlobalSection(SolutionProperties) = preSolution
		HideSolutionNode = FALSE
	EndGlobalSection
	GlobalSection(ExtensibilityGlobals) = postSolution
		SolutionGuid = {A955050A-D8B6-4C99-854C-C3BA09E2AA40}
	EndGlobalSection
EndGlobal
